
Microsoft Visual Studio Solution File, Format Version 12.00
# Visual Studio Version 17
VisualStudioVersion = 17.3.32825.248
MinimumVisualStudioVersion = 10.0.40219.1
Project("{9A19103F-16F7-4668-BE54-9A1E7A4F7556}") = "BookShop", "BookShop\BookShop.csproj", "{CF614D53-7065-4370-8815-15E8FF5CDA30}"
EndProject
Project("{9A19103F-16F7-4668-BE54-9A1E7A4F7556}") = "BookShop.Data", "Data\BookShop.Data.csproj", "{A9171FB1-3EAA-4D34-9A0A-A81F346F929E}"
EndProject
Global
	GlobalSection(SolutionConfigurationPlatforms) = preSolution
		Debug|Any CPU = Debug|Any CPU
		Release|Any CPU = Release|Any CPU
	EndGlobalSection
	GlobalSection(ProjectConfigurationPlatforms) = postSolution
		{CF614D53-7065-4370-8815-15E8FF5CDA30}.Debug|Any CPU.ActiveCfg = Debug|Any CPU
		{CF614D53-7065-4370-8815-15E8FF5CDA30}.Debug|Any CPU.Build.0 = Debug|Any CPU
		{CF614D53-7065-4370-8815-15E8FF5CDA30}.Release|Any CPU.ActiveCfg = Release|Any CPU
		{CF614D53-7065-4370-8815-15E8FF5CDA30}.Release|Any CPU.Build.0 = Release|Any CPU
		{A9171FB1-3EAA-4D34-9A0A-A81F346F929E}.Debug|Any CPU.ActiveCfg = Debug|Any CPU
		{A9171FB1-3EAA-4D34-9A0A-A81F346F929E}.Debug|Any CPU.Build.0 = Debug|Any CPU
		{A9171FB1-3EAA-4D34-9A0A-A81F346F929E}.Release|Any CPU.ActiveCfg = Release|Any CPU
		{A9171FB1-3EAA-4D34-9A0A-A81F346F929E}.Release|Any CPU.Build.0 = Release|Any CPU
	EndGlobalSection
	GlobalSection(SolutionProperties) = preSolution
		HideSolutionNode = FALSE
	EndGlobalSection
	GlobalSection(ExtensibilityGlobals) = postSolution
		SolutionGuid = {FBE3D62C-F283-4B0E-A048-C9585DFA97D6}
	EndGlobalSection
EndGlobal
